
Microsoft Visual Studio Solution File, Format Version 12.00
# Visual Studio Version 17
VisualStudioVersion = 17.12.35707.178
MinimumVisualStudioVersion = 10.0.40219.1
Project("{FAE04EC0-301F-11D3-BF4B-00C04F79EFBC}") = "CybersecurityChatbot", "CybersecurityChatbot\CybersecurityChatbot.csproj", "{70218050-EF5A-42FE-9DC7-84A6AAC21632}"
EndProject
Project("{2150E333-8FDC-42A3-9474-1A3956D46DE8}") = ".github", ".github", "{751FBD64-77DF-4E08-B175-5F316B0890CE}"
EndProject
Project("{2150E333-8FDC-42A3-9474-1A3956D46DE8}") = "workflows", "workflows", "{A4B68500-B07E-4589-93A5-BE90B7FE6CAD}"
	ProjectSection(SolutionItems) = preProject
		dotnet.yml = dotnet.yml
	EndProjectSection
EndProject
Global
	GlobalSection(SolutionConfigurationPlatforms) = preSolution
		Debug|Any CPU = Debug|Any CPU
		Release|Any CPU = Release|Any CPU
	EndGlobalSection
	GlobalSection(ProjectConfigurationPlatforms) = postSolution
		{70218050-EF5A-42FE-9DC7-84A6AAC21632}.Debug|Any CPU.ActiveCfg = Debug|Any CPU
		{70218050-EF5A-42FE-9DC7-84A6AAC21632}.Debug|Any CPU.Build.0 = Debug|Any CPU
		{70218050-EF5A-42FE-9DC7-84A6AAC21632}.Release|Any CPU.ActiveCfg = Release|Any CPU
		{70218050-EF5A-42FE-9DC7-84A6AAC21632}.Release|Any CPU.Build.0 = Release|Any CPU
	EndGlobalSection
	GlobalSection(SolutionProperties) = preSolution
		HideSolutionNode = FALSE
	EndGlobalSection
	GlobalSection(NestedProjects) = preSolution
		{A4B68500-B07E-4589-93A5-BE90B7FE6CAD} = {751FBD64-77DF-4E08-B175-5F316B0890CE}
	EndGlobalSection
EndGlobal
